
Microsoft Visual Studio Solution File, Format Version 12.00
# Visual Studio Version 16
VisualStudioVersion = 16.0.29326.143
MinimumVisualStudioVersion = 10.0.40219.1
Project("{FAE04EC0-301F-11D3-BF4B-00C04F79EFBC}") = "RobiosAPI", "RobiosAPI\RobiosAPI.csproj", "{48EF74A3-78A1-4AEC-818E-44F562D83B06}"
EndProject
Global
	GlobalSection(SolutionConfigurationPlatforms) = preSolution
		Debug|Any CPU = Debug|Any CPU
		Release|Any CPU = Release|Any CPU
	EndGlobalSection
	GlobalSection(ProjectConfigurationPlatforms) = postSolution
		{48EF74A3-78A1-4AEC-818E-44F562D83B06}.Debug|Any CPU.ActiveCfg = Debug|Any CPU
		{48EF74A3-78A1-4AEC-818E-44F562D83B06}.Debug|Any CPU.Build.0 = Debug|Any CPU
		{48EF74A3-78A1-4AEC-818E-44F562D83B06}.Release|Any CPU.ActiveCfg = Release|Any CPU
		{48EF74A3-78A1-4AEC-818E-44F562D83B06}.Release|Any CPU.Build.0 = Release|Any CPU
	EndGlobalSection
	GlobalSection(SolutionProperties) = preSolution
		HideSolutionNode = FALSE
	EndGlobalSection
	GlobalSection(ExtensibilityGlobals) = postSolution
		SolutionGuid = {EB13900B-5A6A-4FFD-82C5-7990164F1962}
	EndGlobalSection
EndGlobal
